PODS:
  - file_picker (0.0.1):
    - FlutterMacOS
  - flutter_gl_macos (0.0.1):
    - FlutterMacOS
    - three3d_egl_osx (~> 0.1.1)
  - FlutterMacOS (1.0.0)
  - geolocator_apple (1.2.0):
    - Flutter
    - FlutterMacOS
  - isar_flutter_libs (1.0.0):
    - FlutterMacOS
  - path_provider_foundation (0.0.1):
    - Flutter
    - FlutterMacOS
  - share_plus (0.0.1):
    - FlutterMacOS
  - shared_preferences_foundation (0.0.1):
    - Flutter
    - FlutterMacOS
  - three3d_egl_osx (0.1.1)
  - url_launcher_macos (0.0.1):
    - FlutterMacOS
  - webview_flutter_wkwebview (0.0.1):
    - Flutter
    - FlutterMacOS

DEPENDENCIES:
  - file_picker (from `Flutter/ephemeral/.symlinks/plugins/file_picker/macos`)
  - flutter_gl_macos (from `Flutter/ephemeral/.symlinks/plugins/flutter_gl_macos/macos`)
  - FlutterMacOS (from `Flutter/ephemeral`)
  - geolocator_apple (from `Flutter/ephemeral/.symlinks/plugins/geolocator_apple/darwin`)
  - isar_flutter_libs (from `Flutter/ephemeral/.symlinks/plugins/isar_flutter_libs/macos`)
  - path_provider_foundation (from `Flutter/ephemeral/.symlinks/plugins/path_provider_foundation/darwin`)
  - share_plus (from `Flutter/ephemeral/.symlinks/plugins/share_plus/macos`)
  - shared_preferences_foundation (from `Flutter/ephemeral/.symlinks/plugins/shared_preferences_foundation/darwin`)
  - url_launcher_macos (from `Flutter/ephemeral/.symlinks/plugins/url_launcher_macos/macos`)
  - webview_flutter_wkwebview (from `Flutter/ephemeral/.symlinks/plugins/webview_flutter_wkwebview/darwin`)

SPEC REPOS:
  trunk:
    - three3d_egl_osx

EXTERNAL SOURCES:
  file_picker:
    :path: Flutter/ephemeral/.symlinks/plugins/file_picker/macos
  flutter_gl_macos:
    :path: Flutter/ephemeral/.symlinks/plugins/flutter_gl_macos/macos
  FlutterMacOS:
    :path: Flutter/ephemeral
  geolocator_apple:
    :path: Flutter/ephemeral/.symlinks/plugins/geolocator_apple/darwin
  isar_flutter_libs:
    :path: Flutter/ephemeral/.symlinks/plugins/isar_flutter_libs/macos
  path_provider_foundation:
    :path: Flutter/ephemeral/.symlinks/plugins/path_provider_foundation/darwin
  share_plus:
    :path: Flutter/ephemeral/.symlinks/plugins/share_plus/macos
  shared_preferences_foundation:
    :path: Flutter/ephemeral/.symlinks/plugins/shared_preferences_foundation/darwin
  url_launcher_macos:
    :path: Flutter/ephemeral/.symlinks/plugins/url_launcher_macos/macos
  webview_flutter_wkwebview:
    :path: Flutter/ephemeral/.symlinks/plugins/webview_flutter_wkwebview/darwin

SPEC CHECKSUMS:
  file_picker: 7584aae6fa07a041af2b36a2655122d42f578c1a
  flutter_gl_macos: 51f1172b18a7726825b1ad8a22513b00d04ebae2
  FlutterMacOS: d0db08ddef1a9af05a5ec4b724367152bb0500b1
  geolocator_apple: ab36aa0e8b7d7a2d7639b3b4e48308394e8cef5e
  isar_flutter_libs: a65381780401f81ad6bf3f2e7cd0de5698fb98c4
  path_provider_foundation: 080d55be775b7414fd5a5ef3ac137b97b097e564
  share_plus: 510bf0af1a42cd602274b4629920c9649c52f4cc
  shared_preferences_foundation: 9e1978ff2562383bd5676f64ec4e9aa8fa06a6f7
  three3d_egl_osx: 5f0b1c41e6d687ac778b3d9900afd569c7f36424
  url_launcher_macos: 0fba8ddabfc33ce0a9afe7c5fef5aab3d8d2d673
  webview_flutter_wkwebview: 8ebf4fded22593026f7dbff1fbff31ea98573c8d

PODFILE CHECKSUM: 54d867c82ac51cbd61b565781b9fada492027009

COCOAPODS: 1.16.2
